Microsoft Visual Studio Solution File, Format Version 12.00
# Visual Studio Version 17
VisualStudioVersion = 17.14.36203.30
MinimumVisualStudioVersion = 10.0.40219.1
Project("{2150E333-8FDC-42A3-9474-1A3956D46DE8}") = "Services", "Services", "{7C5E260A-55A7-46FE-9B24-5C942C541B2E}"
EndProject
Project("{9A19103F-16F7-4668-BE54-9A1E7A4F7556}") = "TestTask.MaternityHospital.StorageService", "Libs\TestTask.MaternityHospital.StorageService\TestTask.MaternityHospital.StorageService.csproj", "{B1E00284-11E8-4D50-B0FC-4AC2E5BC4D6B}"
EndProject
Project("{2150E333-8FDC-42A3-9474-1A3956D46DE8}") = "Queries", "Queries", "{02EA681E-C7D8-13C7-8484-4AC65E1B71E8}"
EndProject
Project("{FAE04EC0-301F-11D3-BF4B-00C04F79EFBC}") = "TestTask.MaternityHospital.FHIR", "Libs\TestTask.MaternityHospital.FHIR\TestTask.MaternityHospital.FHIR.csproj", "{6F975779-EE04-FA0E-62B8-7E8A4B7CC792}"
EndProject
Project("{FAE04EC0-301F-11D3-BF4B-00C04F79EFBC}") = "TestTask.MaternityHospital.PatientUploader", "Libs\TestTask.MaternityHospital.PatientUploader\TestTask.MaternityHospital.PatientUploader.csproj", "{8970F67B-253A-3FD9-6F31-544E41906A26}"
EndProject
Project("{FAE04EC0-301F-11D3-BF4B-00C04F79EFBC}") = "App.LightVersion", "App.LightVersion\App.LightVersion.csproj", "{011ACE95-226F-4489-976C-595398040C62}"
EndProject
Global
	GlobalSection(SolutionConfigurationPlatforms) = preSolution
		Debug|Any CPU = Debug|Any CPU
		Release|Any CPU = Release|Any CPU
	EndGlobalSection
	GlobalSection(ProjectConfigurationPlatforms) = postSolution
		{B1E00284-11E8-4D50-B0FC-4AC2E5BC4D6B}.Debug|Any CPU.ActiveCfg = Debug|Any CPU
		{B1E00284-11E8-4D50-B0FC-4AC2E5BC4D6B}.Debug|Any CPU.Build.0 = Debug|Any CPU
		{B1E00284-11E8-4D50-B0FC-4AC2E5BC4D6B}.Release|Any CPU.ActiveCfg = Release|Any CPU
		{B1E00284-11E8-4D50-B0FC-4AC2E5BC4D6B}.Release|Any CPU.Build.0 = Release|Any CPU
		{6F975779-EE04-FA0E-62B8-7E8A4B7CC792}.Debug|Any CPU.ActiveCfg = Debug|Any CPU
		{6F975779-EE04-FA0E-62B8-7E8A4B7CC792}.Debug|Any CPU.Build.0 = Debug|Any CPU
		{6F975779-EE04-FA0E-62B8-7E8A4B7CC792}.Release|Any CPU.ActiveCfg = Release|Any CPU
		{6F975779-EE04-FA0E-62B8-7E8A4B7CC792}.Release|Any CPU.Build.0 = Release|Any CPU
		{8970F67B-253A-3FD9-6F31-544E41906A26}.Debug|Any CPU.ActiveCfg = Debug|Any CPU
		{8970F67B-253A-3FD9-6F31-544E41906A26}.Debug|Any CPU.Build.0 = Debug|Any CPU
		{8970F67B-253A-3FD9-6F31-544E41906A26}.Release|Any CPU.ActiveCfg = Release|Any CPU
		{8970F67B-253A-3FD9-6F31-544E41906A26}.Release|Any CPU.Build.0 = Release|Any CPU
		{011ACE95-226F-4489-976C-595398040C62}.Debug|Any CPU.ActiveCfg = Debug|Any CPU
		{011ACE95-226F-4489-976C-595398040C62}.Debug|Any CPU.Build.0 = Debug|Any CPU
		{011ACE95-226F-4489-976C-595398040C62}.Release|Any CPU.ActiveCfg = Release|Any CPU
		{011ACE95-226F-4489-976C-595398040C62}.Release|Any CPU.Build.0 = Release|Any CPU
	EndGlobalSection
	GlobalSection(SolutionProperties) = preSolution
		HideSolutionNode = FALSE
	EndGlobalSection
	GlobalSection(NestedProjects) = preSolution
		{B1E00284-11E8-4D50-B0FC-4AC2E5BC4D6B} = {7C5E260A-55A7-46FE-9B24-5C942C541B2E}
		{6F975779-EE04-FA0E-62B8-7E8A4B7CC792} = {02EA681E-C7D8-13C7-8484-4AC65E1B71E8}
		{8970F67B-253A-3FD9-6F31-544E41906A26} = {7C5E260A-55A7-46FE-9B24-5C942C541B2E}
	EndGlobalSection
	GlobalSection(ExtensibilityGlobals) = postSolution
		SolutionGuid = {1646D769-4606-4069-9862-5F7F91C27725}
	EndGlobalSection
EndGlobal
